
Microsoft Visual Studio Solution File, Format Version 12.00
# Visual Studio 14
VisualStudioVersion = 14.0.25420.1
MinimumVisualStudioVersion = 10.0.40219.1
Project("{FAE04EC0-301F-11D3-BF4B-00C04F79EFBC}") = "OA.Data", "OA.Data\OA.Data.csproj", "{A62DA497-6DF8-42E7-837C-D65AA66B2460}"
EndProject
Project("{FAE04EC0-301F-11D3-BF4B-00C04F79EFBC}") = "OA.Repo", "OA.Repo\OA.Repo.csproj", "{4F6644CF-ACC2-4A48-8D4C-2D8752F839B6}"
EndProject
Project("{FAE04EC0-301F-11D3-BF4B-00C04F79EFBC}") = "OA.Service", "OA.Service\OA.Service.csproj", "{9BF486FF-4458-4AA9-9807-EB23B5827FA4}"
EndProject
Project("{FAE04EC0-301F-11D3-BF4B-00C04F79EFBC}") = "OA.WebAPI", "OA.WebAPI\OA.WebAPI.csproj", "{71B1308D-C093-4C4F-9FA5-10F44287FC5D}"
EndProject
Global
	GlobalSection(SolutionConfigurationPlatforms) = preSolution
		Debug|Any CPU = Debug|Any CPU
		Release|Any CPU = Release|Any CPU
	EndGlobalSection
	GlobalSection(ProjectConfigurationPlatforms) = postSolution
		{A62DA497-6DF8-42E7-837C-D65AA66B2460}.Debug|Any CPU.ActiveCfg = Debug|Any CPU
		{A62DA497-6DF8-42E7-837C-D65AA66B2460}.Debug|Any CPU.Build.0 = Debug|Any CPU
		{A62DA497-6DF8-42E7-837C-D65AA66B2460}.Release|Any CPU.ActiveCfg = Release|Any CPU
		{A62DA497-6DF8-42E7-837C-D65AA66B2460}.Release|Any CPU.Build.0 = Release|Any CPU
		{4F6644CF-ACC2-4A48-8D4C-2D8752F839B6}.Debug|Any CPU.ActiveCfg = Debug|Any CPU
		{4F6644CF-ACC2-4A48-8D4C-2D8752F839B6}.Debug|Any CPU.Build.0 = Debug|Any CPU
		{4F6644CF-ACC2-4A48-8D4C-2D8752F839B6}.Release|Any CPU.ActiveCfg = Release|Any CPU
		{4F6644CF-ACC2-4A48-8D4C-2D8752F839B6}.Release|Any CPU.Build.0 = Release|Any CPU
		{9BF486FF-4458-4AA9-9807-EB23B5827FA4}.Debug|Any CPU.ActiveCfg = Debug|Any CPU
		{9BF486FF-4458-4AA9-9807-EB23B5827FA4}.Debug|Any CPU.Build.0 = Debug|Any CPU
		{9BF486FF-4458-4AA9-9807-EB23B5827FA4}.Release|Any CPU.ActiveCfg = Release|Any CPU
		{9BF486FF-4458-4AA9-9807-EB23B5827FA4}.Release|Any CPU.Build.0 = Release|Any CPU
		{71B1308D-C093-4C4F-9FA5-10F44287FC5D}.Debug|Any CPU.ActiveCfg = Debug|Any CPU
		{71B1308D-C093-4C4F-9FA5-10F44287FC5D}.Debug|Any CPU.Build.0 = Debug|Any CPU
		{71B1308D-C093-4C4F-9FA5-10F44287FC5D}.Release|Any CPU.ActiveCfg = Release|Any CPU
		{71B1308D-C093-4C4F-9FA5-10F44287FC5D}.Release|Any CPU.Build.0 = Release|Any CPU
	EndGlobalSection
	GlobalSection(SolutionProperties) = preSolution
		HideSolutionNode = FALSE
	EndGlobalSection
EndGlobal
